// !$*UTF8*$!
{
	archiveVersion = 1;
	classes = {
	};
	objectVersion = 50;
	objects = {

/* Begin PBXBuildFile section */
		1837876F21B6A99D004CB25E /* AppDelegate.swift in Sources */ = {isa = PBXBuildFile; fileRef = 1837876E21B6A99D004CB25E /* AppDelegate.swift */; };
		1837877121B6A99D004CB25E /* ViewController.swift in Sources */ = {isa = PBXBuildFile; fileRef = 1837877021B6A99D004CB25E /* ViewController.swift */; };
		1837877421B6A99D004CB25E /* Main.storyboard in Resources */ = {isa = PBXBuildFile; fileRef = 1837877221B6A99D004CB25E /* Main.storyboard */; };
		1837877621B6A99E004CB25E /* Assets.xcassets in Resources */ = {isa = PBXBuildFile; fileRef = 1837877521B6A99E004CB25E /* Assets.xcassets */; };
		1837877921B6A99E004CB25E /* LaunchScreen.storyboard in Resources */ = {isa = PBXBuildFile; fileRef = 1837877721B6A99E004CB25E /* LaunchScreen.storyboard */; };
		1837878421B6A99E004CB25E /* CreditCardForm_ExampleTests.swift in Sources */ = {isa = PBXBuildFile; fileRef = 1837878321B6A99E004CB25E /* CreditCardForm_ExampleTests.swift */; };
		1837878F21B6A99E004CB25E /* CreditCardForm_ExampleUITests.swift in Sources */ = {isa = PBXBuildFile; fileRef = 1837878E21B6A99E004CB25E /* CreditCardForm_ExampleUITests.swift */; };
		1837879E21B6A9C6004CB25E /* Stripe.framework in Frameworks */ = {isa = PBXBuildFile; fileRef = 1837879C21B6A9C2004CB25E /* Stripe.framework */; };
		1837879F21B6A9C6004CB25E /* Stripe.framework in Embed Frameworks */ = {isa = PBXBuildFile; fileRef = 1837879C21B6A9C2004CB25E /* Stripe.framework */; settings = {ATTRIBUTES = (CodeSignOnCopy, RemoveHeadersOnCopy, ); }; };
		183787A321B6A9F2004CB25E /* CreditCardForm.framework in Frameworks */ = {isa = PBXBuildFile; fileRef = 183787A121B6A9ED004CB25E /* CreditCardForm.framework */; };
		183787A421B6A9F2004CB25E /* CreditCardForm.framework in Embed Frameworks */ = {isa = PBXBuildFile; fileRef = 183787A121B6A9ED004CB25E /* CreditCardForm.framework */; settings = {ATTRIBUTES = (CodeSignOnCopy, RemoveHeadersOnCopy, ); }; };
/* End PBXBuildFile section */

/* Begin PBXContainerItemProxy section */
		1837878021B6A99E004CB25E /* PBXContainerItemProxy */ = {
			isa = PBXContainerItemProxy;
			containerPortal = 1837876321B6A99D004CB25E /* Project object */;
			proxyType = 1;
			remoteGlobalIDString = 1837876A21B6A99D004CB25E;
			remoteInfo = "CreditCardForm-Example";
		};
		1837878B21B6A99E004CB25E /* PBXContainerItemProxy */ = {
			isa = PBXContainerItemProxy;
			containerPortal = 1837876321B6A99D004CB25E /* Project object */;
			proxyType = 1;
			remoteGlobalIDString = 1837876A21B6A99D004CB25E;
			remoteInfo = "CreditCardForm-Example";
		};
/* End PBXContainerItemProxy section */

/* Begin PBXCopyFilesBuildPhase section */
		183787A021B6A9C6004CB25E /* Embed Frameworks */ = {
			isa = PBXCopyFilesBuildPhase;
			buildActionMask = 2147483647;
			dstPath = "";
			dstSubfolderSpec = 10;
			files = (
				1837879F21B6A9C6004CB25E /* Stripe.framework in Embed Frameworks */,
				183787A421B6A9F2004CB25E /* CreditCardForm.framework in Embed Frameworks */,
			);
			name = "Embed Frameworks";
			runOnlyForDeploymentPostprocessing = 0;
		};
/* End PBXCopyFilesBuildPhase section */

/* Begin PBXFileReference section */
		1837876B21B6A99D004CB25E /* CreditCardForm-Example.app */ = {isa = PBXFileReference; explicitFileType = wrapper.application; includeInIndex = 0; path = "CreditCardForm-Example.app"; sourceTree = BUILT_PRODUCTS_DIR; };
		1837876E21B6A99D004CB25E /* AppDelegate.swift */ = {isa = PBXFileReference; lastKnownFileType = sourcecode.swift; path = AppDelegate.swift; sourceTree = "<group>"; };
		1837877021B6A99D004CB25E /* ViewController.swift */ = {isa = PBXFileReference; lastKnownFileType = sourcecode.swift; path = ViewController.swift; sourceTree = "<group>"; };
		1837877321B6A99D004CB25E /* Base */ = {isa = PBXFileReference; lastKnownFileType = file.storyboard; name = Base; path = Base.lproj/Main.storyboard; sourceTree = "<group>"; };
		1837877521B6A99E004CB25E /* Assets.xcassets */ = {isa = PBXFileReference; lastKnownFileType = folder.assetcatalog; path = Assets.xcassets; sourceTree = "<group>"; };
		1837877821B6A99E004CB25E /* Base */ = {isa = PBXFileReference; lastKnownFileType = file.storyboard; name = Base; path = Base.lproj/LaunchScreen.storyboard; sourceTree = "<group>"; };
		1837877A21B6A99E004CB25E /* Info.plist */ = {isa = PBXFileReference; lastKnownFileType = text.plist.xml; path = Info.plist; sourceTree = "<group>"; };
		1837877F21B6A99E004CB25E /* CreditCardForm-ExampleTests.xctest */ = {isa = PBXFileReference; explicitFileType = wrapper.cfbundle; includeInIndex = 0; path = "CreditCardForm-ExampleTests.xctest"; sourceTree = BUILT_PRODUCTS_DIR; };
		1837878321B6A99E004CB25E /* CreditCardForm_ExampleTests.swift */ = {isa = PBXFileReference; lastKnownFileType = sourcecode.swift; path = CreditCardForm_ExampleTests.swift; sourceTree = "<group>"; };
		1837878521B6A99E004CB25E /* Info.plist */ = {isa = PBXFileReference; lastKnownFileType = text.plist.xml; path = Info.plist; sourceTree = "<group>"; };
		1837878A21B6A99E004CB25E /* CreditCardForm-ExampleUITests.xctest */ = {isa = PBXFileReference; explicitFileType = wrapper.cfbundle; includeInIndex = 0; path = "CreditCardForm-ExampleUITests.xctest"; sourceTree = BUILT_PRODUCTS_DIR; };
		1837878E21B6A99E004CB25E /* CreditCardForm_ExampleUITests.swift */ = {isa = PBXFileReference; lastKnownFileType = sourcecode.swift; path = CreditCardForm_ExampleUITests.swift; sourceTree = "<group>"; };
		1837879021B6A99E004CB25E /* Info.plist */ = {isa = PBXFileReference; lastKnownFileType = text.plist.xml; path = Info.plist; sourceTree = "<group>"; };
		1837879C21B6A9C2004CB25E /* Stripe.framework */ = {isa = PBXFileReference; lastKnownFileType = wrapper.framework; path = Stripe.framework; sourceTree = "<group>"; };
		183787A121B6A9ED004CB25E /* CreditCardForm.framework */ = {isa = PBXFileReference; lastKnownFileType = wrapper.framework; path = CreditCardForm.framework; sourceTree = "<group>"; };
/* End PBXFileReference section */

/* Begin PBXFrameworksBuildPhase section */
		1837876821B6A99D004CB25E /* Frameworks */ = {
			isa = PBXFrameworksBuildPhase;
			buildActionMask = 2147483647;
			files = (
				1837879E21B6A9C6004CB25E /* Stripe.framework in Frameworks */,
				183787A321B6A9F2004CB25E /* CreditCardForm.framework in Frameworks */,
			);
			runOnlyForDeploymentPostprocessing = 0;
		};
		1837877C21B6A99E004CB25E /* Frameworks */ = {
			isa = PBXFrameworksBuildPhase;
			buildActionMask = 2147483647;
			files = (
			);
			runOnlyForDeploymentPostprocessing = 0;
		};
		1837878721B6A99E004CB25E /* Frameworks */ = {
			isa = PBXFrameworksBuildPhase;
			buildActionMask = 2147483647;
			files = (
			);
			runOnlyForDeploymentPostprocessing = 0;
		};
/* End PBXFrameworksBuildPhase section */

/* Begin PBXGroup section */
		1837876221B6A99D004CB25E = {
			isa = PBXGroup;
			children = (
				1837876D21B6A99D004CB25E /* CreditCardForm-Example */,
				1837878221B6A99E004CB25E /* CreditCardForm-ExampleTests */,
				1837878D21B6A99E004CB25E /* CreditCardForm-ExampleUITests */,
				1837876C21B6A99D004CB25E /* Products */,
			);
			sourceTree = "<group>";
		};
		1837876C21B6A99D004CB25E /* Products */ = {
			isa = PBXGroup;
			children = (
				1837876B21B6A99D004CB25E /* CreditCardForm-Example.app */,
				1837877F21B6A99E004CB25E /* CreditCardForm-ExampleTests.xctest */,
				1837878A21B6A99E004CB25E /* CreditCardForm-ExampleUITests.xctest */,
			);
			name = Products;
			sourceTree = "<group>";
		};
		1837876D21B6A99D004CB25E /* CreditCardForm-Example */ = {
			isa = PBXGroup;
			children = (
				183787A121B6A9ED004CB25E /* CreditCardForm.framework */,
				1837879C21B6A9C2004CB25E /* Stripe.framework */,
				1837876E21B6A99D004CB25E /* AppDelegate.swift */,
				1837877021B6A99D004CB25E /* ViewController.swift */,
				1837877221B6A99D004CB25E /* Main.storyboard */,
				1837877521B6A99E004CB25E /* Assets.xcassets */,
				1837877721B6A99E004CB25E /* LaunchScreen.storyboard */,
				1837877A21B6A99E004CB25E /* Info.plist */,
			);
			path = "CreditCardForm-Example";
			sourceTree = "<group>";
		};
		1837878221B6A99E004CB25E /* CreditCardForm-ExampleTests */ = {
			isa = PBXGroup;
			children = (
				1837878321B6A99E004CB25E /* CreditCardForm_ExampleTests.swift */,
				1837878521B6A99E004CB25E /* Info.plist */,
			);
			path = "CreditCardForm-ExampleTests";
			sourceTree = "<group>";
		};
		1837878D21B6A99E004CB25E /* CreditCardForm-ExampleUITests */ = {
			isa = PBXGroup;
			children = (
				1837878E21B6A99E004CB25E /* CreditCardForm_ExampleUITests.swift */,
				1837879021B6A99E004CB25E /* Info.plist */,
			);
			path = "CreditCardForm-ExampleUITests";
			sourceTree = "<group>";
		};
/* End PBXGroup section */

/* Begin PBXNativeTarget section */
		1837876A21B6A99D004CB25E /* CreditCardForm-Example */ = {
			isa = PBXNativeTarget;
			buildConfigurationList = 1837879321B6A99E004CB25E /* Build configuration list for PBXNativeTarget "CreditCardForm-Example" */;
			buildPhases = (
				1837876721B6A99D004CB25E /* Sources */,
				1837876821B6A99D004CB25E /* Frameworks */,
				1837876921B6A99D004CB25E /* Resources */,
				183787A021B6A9C6004CB25E /* Embed Frameworks */,
			);
			buildRules = (
			);
			dependencies = (
			);
			name = "CreditCardForm-Example";
			productName = "CreditCardForm-Example";
			productReference = 1837876B21B6A99D004CB25E /* CreditCardForm-Example.app */;
			productType = "com.apple.product-type.application";
		};
		1837877E21B6A99E004CB25E /* CreditCardForm-ExampleTests */ = {
			isa = PBXNativeTarget;
			buildConfigurationList = 1837879621B6A99E004CB25E /* Build configuration list for PBXNativeTarget "CreditCardForm-ExampleTests" */;
			buildPhases = (
				1837877B21B6A99E004CB25E /* Sources */,
				1837877C21B6A99E004CB25E /* Frameworks */,
				1837877D21B6A99E004CB25E /* Resources */,
			);
			buildRules = (
			);
			dependencies = (
				1837878121B6A99E004CB25E /* PBXTargetDependency */,
			);
			name = "CreditCardForm-ExampleTests";
			productName = "CreditCardForm-ExampleTests";
			productReference = 1837877F21B6A99E004CB25E /* CreditCardForm-ExampleTests.xctest */;
			productType = "com.apple.product-type.bundle.unit-test";
		};
		1837878921B6A99E004CB25E /* CreditCardForm-ExampleUITests */ = {
			isa = PBXNativeTarget;
			buildConfigurationList = 1837879921B6A99E004CB25E /* Build configuration list for PBXNativeTarget "CreditCardForm-ExampleUITests" */;
			buildPhases = (
				1837878621B6A99E004CB25E /* Sources */,
				1837878721B6A99E004CB25E /* Frameworks */,
				1837878821B6A99E004CB25E /* Resources */,
			);
			buildRules = (
			);
			dependencies = (
				1837878C21B6A99E004CB25E /* PBXTargetDependency */,
			);
			name = "CreditCardForm-ExampleUITests";
			productName = "CreditCardForm-ExampleUITests";
			productReference = 1837878A21B6A99E004CB25E /* CreditCardForm-ExampleUITests.xctest */;
			productType = "com.apple.product-type.bundle.ui-testing";
		};
/* End PBXNativeTarget section */

/* Begin PBXProject section */
		1837876321B6A99D004CB25E /* Project object */ = {
			isa = PBXProject;
			attributes = {
				LastSwiftUpdateCheck = 1000;
				LastUpgradeCheck = 1000;
				ORGANIZATIONNAME = "Amir Farsad";
				TargetAttributes = {
					1837876A21B6A99D004CB25E = {
						CreatedOnToolsVersion = 10.0;
					};
					1837877E21B6A99E004CB25E = {
						CreatedOnToolsVersion = 10.0;
						TestTargetID = 1837876A21B6A99D004CB25E;
					};
					1837878921B6A99E004CB25E = {
						CreatedOnToolsVersion = 10.0;
						TestTargetID = 1837876A21B6A99D004CB25E;
					};
				};
			};
			buildConfigurationList = 1837876621B6A99D004CB25E /* Build configuration list for PBXProject "CreditCardForm-Example" */;
			compatibilityVersion = "Xcode 9.3";
			developmentRegion = en;
			hasScannedForEncodings = 0;
			knownRegions = (
				en,
				Base,
			);
			mainGroup = 1837876221B6A99D004CB25E;
			productRefGroup = 1837876C21B6A99D004CB25E /* Products */;
			projectDirPath = "";
			projectRoot = "";
			targets = (
				1837876A21B6A99D004CB25E /* CreditCardForm-Example */,
				1837877E21B6A99E004CB25E /* CreditCardForm-ExampleTests */,
				1837878921B6A99E004CB25E /* CreditCardForm-ExampleUITests */,
			);
		};
/* End PBXProject section */

/* Begin PBXResourcesBuildPhase section */
		1837876921B6A99D004CB25E /* Resources */ = {
			isa = PBXResourcesBuildPhase;
			buildActionMask = 2147483647;
			files = (
				1837877921B6A99E004CB25E /* LaunchScreen.storyboard in Resources */,
				1837877621B6A99E004CB25E /* Assets.xcassets in Resources */,
				1837877421B6A99D004CB25E /* Main.storyboard in Resources */,
			);
			runOnlyForDeploymentPostprocessing = 0;
		};
		1837877D21B6A99E004CB25E /* Resources */ = {
			isa = PBXResourcesBuildPhase;
			buildActionMask = 2147483647;
			files = (
			);
			runOnlyForDeploymentPostprocessing = 0;
		};
		1837878821B6A99E004CB25E /* Resources */ = {
			isa = PBXResourcesBuildPhase;
			buildActionMask = 2147483647;
			files = (
			);
			runOnlyForDeploymentPostprocessing = 0;
		};
/* End PBXResourcesBuildPhase section */

/* Begin PBXSourcesBuildPhase section */
		1837876721B6A99D004CB25E /* Sources */ = {
			isa = PBXSourcesBuildPhase;
			buildActionMask = 2147483647;
			files = (
				1837877121B6A99D004CB25E /* ViewController.swift in Sources */,
				1837876F21B6A99D004CB25E /* AppDelegate.swift in Sources */,
			);
			runOnlyForDeploymentPostprocessing = 0;
		};
		1837877B21B6A99E004CB25E /* Sources */ = {
			isa = PBXSourcesBuildPhase;
			buildActionMask = 2147483647;
			files = (
				1837878421B6A99E004CB25E /* CreditCardForm_ExampleTests.swift in Sources */,
			);
			runOnlyForDeploymentPostprocessing = 0;
		};
		1837878621B6A99E004CB25E /* Sources */ = {
			isa = PBXSourcesBuildPhase;
			buildActionMask = 2147483647;
			files = (
				1837878F21B6A99E004CB25E /* CreditCardForm_ExampleUITests.swift in Sources */,
			);
			runOnlyForDeploymentPostprocessing = 0;
		};
/* End PBXSourcesBuildPhase section */

/* Begin PBXTargetDependency section */
		1837878121B6A99E004CB25E /* PBXTargetDependency */ = {
			isa = PBXTargetDependency;
			target = 1837876A21B6A99D004CB25E /* CreditCardForm-Example */;
			targetProxy = 1837878021B6A99E004CB25E /* PBXContainerItemProxy */;
		};
		1837878C21B6A99E004CB25E /* PBXTargetDependency */ = {
			isa = PBXTargetDependency;
			target = 1837876A21B6A99D004CB25E /* CreditCardForm-Example */;
			targetProxy = 1837878B21B6A99E004CB25E /* PBXContainerItemProxy */;
		};
/* End PBXTargetDependency section */

/* Begin PBXVariantGroup section */
		1837877221B6A99D004CB25E /* Main.storyboard */ = {
			isa = PBXVariantGroup;
			children = (
				1837877321B6A99D004CB25E /* Base */,
			);
			name = Main.storyboard;
			sourceTree = "<group>";
		};
		1837877721B6A99E004CB25E /* LaunchScreen.storyboard */ = {
			isa = PBXVariantGroup;
			children = (
				1837877821B6A99E004CB25E /* Base */,
			);
			name = LaunchScreen.storyboard;
			sourceTree = "<group>";
		};
/* End PBXVariantGroup section */

/* Begin XCBuildConfiguration section */
		1837879121B6A99E004CB25E /* Debug */ = {
			isa = XCBuildConfiguration;
			buildSettings = {
				ALWAYS_SEARCH_USER_PATHS = NO;
				CLANG_ANALYZER_NONNULL = YES;
				CLANG_ANALYZER_NUMBER_OBJECT_CONVERSION = YES_AGGRESSIVE;
				CLANG_CXX_LANGUAGE_STANDARD = "gnu++14";
				CLANG_CXX_LIBRARY = "libc++";
				CLANG_ENABLE_MODULES = YES;
				CLANG_ENABLE_OBJC_ARC = YES;
				CLANG_ENABLE_OBJC_WEAK = YES;
				CLANG_WARN_BLOCK_CAPTURE_AUTORELEASING = YES;
				CLANG_WARN_BOOL_CONVERSION = YES;
				CLANG_WARN_COMMA = YES;
				CLANG_WARN_CONSTANT_CONVERSION = YES;
				CLANG_WARN_DEPRECATED_OBJC_IMPLEMENTATIONS = YES;
				CLANG_WARN_DIRECT_OBJC_ISA_USAGE = YES_ERROR;
				CLANG_WARN_DOCUMENTATION_COMMENTS = YES;
				CLANG_WARN_EMPTY_BODY = YES;
				CLANG_WARN_ENUM_CONVERSION = YES;
				CLANG_WARN_INFINITE_RECURSION = YES;
				CLANG_WARN_INT_CONVERSION = YES;
				CLANG_WARN_NON_LITERAL_NULL_CONVERSION = YES;
				CLANG_WARN_OBJC_IMPLICIT_RETAIN_SELF = YES;
				CLANG_WARN_OBJC_LITERAL_CONVERSION = YES;
				CLANG_WARN_OBJC_ROOT_CLASS = YES_ERROR;
				CLANG_WARN_RANGE_LOOP_ANALYSIS = YES;
				CLANG_WARN_STRICT_PROTOTYPES = YES;
				CLANG_WARN_SUSPICIOUS_MOVE = YES;
				CLANG_WARN_UNGUARDED_AVAILABILITY = YES_AGGRESSIVE;
				CLANG_WARN_UNREACHABLE_CODE = YES;
				CLANG_WARN__DUPLICATE_METHOD_MATCH = YES;
				CODE_SIGN_IDENTITY = "iPhone Developer";
				COPY_PHASE_STRIP = NO;
				DEBUG_INFORMATION_FORMAT = dwarf;
				ENABLE_STRICT_OBJC_MSGSEND = YES;
				ENABLE_TESTABILITY = YES;
				GCC_C_LANGUAGE_STANDARD = gnu11;
				GCC_DYNAMIC_NO_PIC = NO;
				GCC_NO_COMMON_BLOCKS = YES;
				GCC_OPTIMIZATION_LEVEL = 0;
				GCC_PREPROCESSOR_DEFINITIONS = (
					"DEBUG=1",
					"$(inherited)",
				);
				GCC_WARN_64_TO_32_BIT_CONVERSION = YES;
				GCC_WARN_ABOUT_RETURN_TYPE = YES_ERROR;
				GCC_WARN_UNDECLARED_SELECTOR = YES;
				GCC_WARN_UNINITIALIZED_AUTOS = YES_AGGRESSIVE;
				GCC_WARN_UNUSED_FUNCTION = YES;
				GCC_WARN_UNUSED_VARIABLE = YES;
				IPHONEOS_DEPLOYMENT_TARGET = 12.0;
				MTL_ENABLE_DEBUG_INFO = INCLUDE_SOURCE;
				MTL_FAST_MATH = YES;
				ONLY_ACTIVE_ARCH = YES;
				SDKROOT = iphoneos;
				SWIFT_ACTIVE_COMPILATION_CONDITIONS = DEBUG;
				SWIFT_OPTIMIZATION_LEVEL = "-Onone";
			};
			name = Debug;
		};
		1837879221B6A99E004CB25E /* Release */ = {
			isa = XCBuildConfiguration;
			buildSettings = {
				ALWAYS_SEARCH_USER_PATHS = NO;
				CLANG_ANALYZER_NONNULL = YES;
				CLANG_ANALYZER_NUMBER_OBJECT_CONVERSION = YES_AGGRESSIVE;
				CLANG_CXX_LANGUAGE_STANDARD = "gnu++14";
				CLANG_CXX_LIBRARY = "libc++";
				CLANG_ENABLE_MODULES = YES;
				CLANG_ENABLE_OBJC_ARC = YES;
				CLANG_ENABLE_OBJC_WEAK = YES;
				CLANG_WARN_BLOCK_CAPTURE_AUTORELEASING = YES;
				CLANG_WARN_BOOL_CONVERSION = YES;
				CLANG_WARN_COMMA = YES;
				CLANG_WARN_CONSTANT_CONVERSION = YES;
				CLANG_WARN_DEPRECATED_OBJC_IMPLEMENTATIONS = YES;
				CLANG_WARN_DIRECT_OBJC_ISA_USAGE = YES_ERROR;
				CLANG_WARN_DOCUMENTATION_COMMENTS = YES;
				CLANG_WARN_EMPTY_BODY = YES;
				CLANG_WARN_ENUM_CONVERSION = YES;
				CLANG_WARN_INFINITE_RECURSION = YES;
				CLANG_WARN_INT_CONVERSION = YES;
				CLANG_WARN_NON_LITERAL_NULL_CONVERSION = YES;
				CLANG_WARN_OBJC_IMPLICIT_RETAIN_SELF = YES;
				CLANG_WARN_OBJC_LITERAL_CONVERSION = YES;
				CLANG_WARN_OBJC_ROOT_CLASS = YES_ERROR;
				CLANG_WARN_RANGE_LOOP_ANALYSIS = YES;
				CLANG_WARN_STRICT_PROTOTYPES = YES;
				CLANG_WARN_SUSPICIOUS_MOVE = YES;
				CLANG_WARN_UNGUARDED_AVAILABILITY = YES_AGGRESSIVE;
				CLANG_WARN_UNREACHABLE_CODE = YES;
				CLANG_WARN__DUPLICATE_METHOD_MATCH = YES;
				CODE_SIGN_IDENTITY = "iPhone Developer";
				COPY_PHASE_STRIP = NO;
				DEBUG_INFORMATION_FORMAT = "dwarf-with-dsym";
				ENABLE_NS_ASSERTIONS = NO;
				ENABLE_STRICT_OBJC_MSGSEND = YES;
				GCC_C_LANGUAGE_STANDARD = gnu11;
				GCC_NO_COMMON_BLOCKS = YES;
				GCC_WARN_64_TO_32_BIT_CONVERSION = YES;
				GCC_WARN_ABOUT_RETURN_TYPE = YES_ERROR;
				GCC_WARN_UNDECLARED_SELECTOR = YES;
				GCC_WARN_UNINITIALIZED_AUTOS = YES_AGGRESSIVE;
				GCC_WARN_UNUSED_FUNCTION = YES;
				GCC_WARN_UNUSED_VARIABLE = YES;
				IPHONEOS_DEPLOYMENT_TARGET = 12.0;
				MTL_ENABLE_DEBUG_INFO = NO;
				MTL_FAST_MATH = YES;
				SDKROOT = iphoneos;
				SWIFT_COMPILATION_MODE = wholemodule;
				SWIFT_OPTIMIZATION_LEVEL = "-O";
				VALIDATE_PRODUCT = YES;
			};
			name = Release;
		};
		1837879421B6A99E004CB25E /* Debug */ = {
			isa = XCBuildConfiguration;
			buildSettings = {
				ASSETCATALOG_COMPILER_APPICON_NAME = AppIcon;
				CODE_SIGN_STYLE = Automatic;
				DEVELOPMENT_TEAM = 7S9QJRVP2S;
				FRAMEWORK_SEARCH_PATHS = (
					"$(inherited)",
					"$(PROJECT_DIR)/CreditCardForm-Example",
				);
				INFOPLIST_FILE = "CreditCardForm-Example/Info.plist";
				LD_RUNPATH_SEARCH_PATHS = (
					"$(inherited)",
					"@executable_path/Frameworks",
				);
				PRODUCT_BUNDLE_IDENTIFIER = "net.farsad.CreditCardForm-Example";
				PRODUCT_NAME = "$(TARGET_NAME)";
				SWIFT_VERSION = 4.2;
				TARGETED_DEVICE_FAMILY = "1,2";
			};
			name = Debug;
		};
		1837879521B6A99E004CB25E /* Release */ = {
			isa = XCBuildConfiguration;
			buildSettings = {
				ASSETCATALOG_COMPILER_APPICON_NAME = AppIcon;
				CODE_SIGN_STYLE = Automatic;
				DEVELOPMENT_TEAM = 7S9QJRVP2S;
				FRAMEWORK_SEARCH_PATHS = (
					"$(inherited)",
					"$(PROJECT_DIR)/CreditCardForm-Example",
				);
				INFOPLIST_FILE = "CreditCardForm-Example/Info.plist";
				LD_RUNPATH_SEARCH_PATHS = (
					"$(inherited)",
					"@executable_path/Frameworks",
				);
				PRODUCT_BUNDLE_IDENTIFIER = "net.farsad.CreditCardForm-Example";
				PRODUCT_NAME = "$(TARGET_NAME)";
				SWIFT_VERSION = 4.2;
				TARGETED_DEVICE_FAMILY = "1,2";
			};
			name = Release;
		};
		1837879721B6A99E004CB25E /* Debug */ = {
			isa = XCBuildConfiguration;
			buildSettings = {
				ALWAYS_EMBED_SWIFT_STANDARD_LIBRARIES = YES;
				BUNDLE_LOADER = "$(TEST_HOST)";
				CODE_SIGN_STYLE = Automatic;
				DEVELOPMENT_TEAM = 7S9QJRVP2S;
				INFOPLIST_FILE = "CreditCardForm-ExampleTests/Info.plist";
				LD_RUNPATH_SEARCH_PATHS = (
					"$(inherited)",
					"@executable_path/Frameworks",
					"@loader_path/Frameworks",
				);
				PRODUCT_BUNDLE_IDENTIFIER = "net.farsad.CreditCardForm-ExampleTests";
				PRODUCT_NAME = "$(TARGET_NAME)";
				SWIFT_VERSION = 4.2;
				TARGETED_DEVICE_FAMILY = "1,2";
				TEST_HOST = "$(BUILT_PRODUCTS_DIR)/CreditCardForm-Example.app/CreditCardForm-Example";
			};
			name = Debug;
		};
		1837879821B6A99E004CB25E /* Release */ = {
			isa = XCBuildConfiguration;
			buildSettings = {
				ALWAYS_EMBED_SWIFT_STANDARD_LIBRARIES = YES;
				BUNDLE_LOADER = "$(TEST_HOST)";
				CODE_SIGN_STYLE = Automatic;
				DEVELOPMENT_TEAM = 7S9QJRVP2S;
				INFOPLIST_FILE = "CreditCardForm-ExampleTests/Info.plist";
				LD_RUNPATH_SEARCH_PATHS = (
					"$(inherited)",
					"@executable_path/Frameworks",
					"@loader_path/Frameworks",
				);
				PRODUCT_BUNDLE_IDENTIFIER = "net.farsad.CreditCardForm-ExampleTests";
				PRODUCT_NAME = "$(TARGET_NAME)";
				SWIFT_VERSION = 4.2;
				TARGETED_DEVICE_FAMILY = "1,2";
				TEST_HOST = "$(BUILT_PRODUCTS_DIR)/CreditCardForm-Example.app/CreditCardForm-Example";
			};
			name = Release;
		};
		1837879A21B6A99E004CB25E /* Debug */ = {
			isa = XCBuildConfiguration;
			buildSettings = {
				ALWAYS_EMBED_SWIFT_STANDARD_LIBRARIES = YES;
				CODE_SIGN_STYLE = Automatic;
				DEVELOPMENT_TEAM = 7S9QJRVP2S;
				INFOPLIST_FILE = "CreditCardForm-ExampleUITests/Info.plist";
				LD_RUNPATH_SEARCH_PATHS = (
					"$(inherited)",
					"@executable_path/Frameworks",
					"@loader_path/Frameworks",
				);
				PRODUCT_BUNDLE_IDENTIFIER = "net.farsad.CreditCardForm-ExampleUITests";
				PRODUCT_NAME = "$(TARGET_NAME)";
				SWIFT_VERSION = 4.2;
				TARGETED_DEVICE_FAMILY = "1,2";
				TEST_TARGET_NAME = "CreditCardForm-Example";
			};
			name = Debug;
		};
		1837879B21B6A99E004CB25E /* Release */ = {
			isa = XCBuildConfiguration;
			buildSettings = {
				ALWAYS_EMBED_SWIFT_STANDARD_LIBRARIES = YES;
				CODE_SIGN_STYLE = Automatic;
				DEVELOPMENT_TEAM = 7S9QJRVP2S;
				INFOPLIST_FILE = "CreditCardForm-ExampleUITests/Info.plist";
				LD_RUNPATH_SEARCH_PATHS = (
					"$(inherited)",
					"@executable_path/Frameworks",
					"@loader_path/Frameworks",
				);
				PRODUCT_BUNDLE_IDENTIFIER = "net.farsad.CreditCardForm-ExampleUITests";
				PRODUCT_NAME = "$(TARGET_NAME)";
				SWIFT_VERSION = 4.2;
				TARGETED_DEVICE_FAMILY = "1,2";
				TEST_TARGET_NAME = "CreditCardForm-Example";
			};
			name = Release;
		};
/* End XCBuildConfiguration section */

/* Begin XCConfigurationList section */
		1837876621B6A99D004CB25E /* Build configuration list for PBXProject "CreditCardForm-Example" */ = {
			isa = XCConfigurationList;
			buildConfigurations = (
				1837879121B6A99E004CB25E /* Debug */,
				1837879221B6A99E004CB25E /* Release */,
			);
			defaultConfigurationIsVisible = 0;
			defaultConfigurationName = Release;
		};
		1837879321B6A99E004CB25E /* Build configuration list for PBXNativeTarget "CreditCardForm-Example" */ = {
			isa = XCConfigurationList;
			buildConfigurations = (
				1837879421B6A99E004CB25E /* Debug */,
				1837879521B6A99E004CB25E /* Release */,
			);
			defaultConfigurationIsVisible = 0;
			defaultConfigurationName = Release;
		};
		1837879621B6A99E004CB25E /* Build configuration list for PBXNativeTarget "CreditCardForm-ExampleTests" */ = {
			isa = XCConfigurationList;
			buildConfigurations = (
				1837879721B6A99E004CB25E /* Debug */,
				1837879821B6A99E004CB25E /* Release */,
			);
			defaultConfigurationIsVisible = 0;
			defaultConfigurationName = Release;
		};
		1837879921B6A99E004CB25E /* Build configuration list for PBXNativeTarget "CreditCardForm-ExampleUITests" */ = {
			isa = XCConfigurationList;
			buildConfigurations = (
				1837879A21B6A99E004CB25E /* Debug */,
				1837879B21B6A99E004CB25E /* Release */,
			);
			defaultConfigurationIsVisible = 0;
			defaultConfigurationName = Release;
		};
/* End XCConfigurationList section */
	};
	rootObject = 1837876321B6A99D004CB25E /* Project object */;
}
